// !$*UTF8*$!
{
	archiveVersion = 1;
	classes = {
	};
	objectVersion = 50;
	objects = {

/* Begin PBXBuildFile section */
		CB2258322639D2EC0058BE64 /* AppDelegate.swift in Sources */ = {isa = PBXBuildFile; fileRef = CB2258312639D2EC0058BE64 /* AppDelegate.swift */; };
		CB2258342639D2EC0058BE64 /* SceneDelegate.swift in Sources */ = {isa = PBXBuildFile; fileRef = CB2258332639D2EC0058BE64 /* SceneDelegate.swift */; };
		CB2258362639D2EC0058BE64 /* ContentView.swift in Sources */ = {isa = PBXBuildFile; fileRef = CB2258352639D2EC0058BE64 /* ContentView.swift */; };
		CB2258382639D2ED0058BE64 /* Assets.xcassets in Resources */ = {isa = PBXBuildFile; fileRef = CB2258372639D2ED0058BE64 /* Assets.xcassets */; };
		CB22583E2639D2ED0058BE64 /* LaunchScreen.storyboard in Resources */ = {isa = PBXBuildFile; fileRef = CB22583C2639D2ED0058BE64 /* LaunchScreen.storyboard */; };
		CB2258492639D2ED0058BE64 /* Landmarks_SHOHTests.swift in Sources */ = {isa = PBXBuildFile; fileRef = CB2258482639D2ED0058BE64 /* Landmarks_SHOHTests.swift */; };
		CB2258542639D2ED0058BE64 /* Landmarks_SHOHUITests.swift in Sources */ = {isa = PBXBuildFile; fileRef = CB2258532639D2ED0058BE64 /* Landmarks_SHOHUITests.swift */; };
		CB2258622639DE630058BE64 /* CircleImage.swift in Sources */ = {isa = PBXBuildFile; fileRef = CB2258612639DE630058BE64 /* CircleImage.swift */; };
		CB2258642639DF5A0058BE64 /* MapView.swift in Sources */ = {isa = PBXBuildFile; fileRef = CB2258632639DF5A0058BE64 /* MapView.swift */; };
		CB2258672639E51B0058BE64 /* landmarkData.json in Resources */ = {isa = PBXBuildFile; fileRef = CB2258662639E51B0058BE64 /* landmarkData.json */; };
		CB22586D2639E5D40058BE64 /* Landmark.swift in Sources */ = {isa = PBXBuildFile; fileRef = CB22586C2639E5D40058BE64 /* Landmark.swift */; };
		CB22586F2639E6870058BE64 /* Preview Assets.xcassets in Resources */ = {isa = PBXBuildFile; fileRef = CB22586E2639E6870058BE64 /* Preview Assets.xcassets */; };
		CB2258742639E88F0058BE64 /* ModelData.swift in Sources */ = {isa = PBXBuildFile; fileRef = CB2258732639E88F0058BE64 /* ModelData.swift */; };
		CB2258762639EB840058BE64 /* LandmarkRow.swift in Sources */ = {isa = PBXBuildFile; fileRef = CB2258752639EB840058BE64 /* LandmarkRow.swift */; };
		CB2258782639ED430058BE64 /* LandmarkList.swift in Sources */ = {isa = PBXBuildFile; fileRef = CB2258772639ED430058BE64 /* LandmarkList.swift */; };
		CB22587A2639EDFB0058BE64 /* LandmarkDetail.swift in Sources */ = {isa = PBXBuildFile; fileRef = CB2258792639EDFB0058BE64 /* LandmarkDetail.swift */; };
		CB22587C2639FC480058BE64 /* FavoriteButton.swift in Sources */ = {isa = PBXBuildFile; fileRef = CB22587B2639FC480058BE64 /* FavoriteButton.swift */; };
		CB28EF8D263A8571002CCFC7 /* HexagonParameters.swift in Sources */ = {isa = PBXBuildFile; fileRef = CB28EF8C263A8571002CCFC7 /* HexagonParameters.swift */; };
		CB28EF8F263A881E002CCFC7 /* BadgeBackground.swift in Sources */ = {isa = PBXBuildFile; fileRef = CB28EF8E263A881E002CCFC7 /* BadgeBackground.swift */; };
		CB28EF93263A8D35002CCFC7 /* BadgeSymbol.swift in Sources */ = {isa = PBXBuildFile; fileRef = CB28EF92263A8D35002CCFC7 /* BadgeSymbol.swift */; };
		CB28EF95263A90E8002CCFC7 /* RotatedBadgeSymbol.swift in Sources */ = {isa = PBXBuildFile; fileRef = CB28EF94263A90E8002CCFC7 /* RotatedBadgeSymbol.swift */; };
		CB28EF97263A915E002CCFC7 /* Badge.swift in Sources */ = {isa = PBXBuildFile; fileRef = CB28EF96263A915E002CCFC7 /* Badge.swift */; };
/* End PBXBuildFile section */

/* Begin PBXContainerItemProxy section */
		CB2258452639D2ED0058BE64 /* PBXContainerItemProxy */ = {
			isa = PBXContainerItemProxy;
			containerPortal = CB2258262639D2EC0058BE64 /* Project object */;
			proxyType = 1;
			remoteGlobalIDString = CB22582D2639D2EC0058BE64;
			remoteInfo = "Landmarks-SHOH";
		};
		CB2258502639D2ED0058BE64 /* PBXContainerItemProxy */ = {
			isa = PBXContainerItemProxy;
			containerPortal = CB2258262639D2EC0058BE64 /* Project object */;
			proxyType = 1;
			remoteGlobalIDString = CB22582D2639D2EC0058BE64;
			remoteInfo = "Landmarks-SHOH";
		};
/* End PBXContainerItemProxy section */

/* Begin PBXFileReference section */
		CB22582E2639D2EC0058BE64 /* Landmarks-SHOH.app */ = {isa = PBXFileReference; explicitFileType = wrapper.application; includeInIndex = 0; path = "Landmarks-SHOH.app"; sourceTree = BUILT_PRODUCTS_DIR; };
		CB2258312639D2EC0058BE64 /* AppDelegate.swift */ = {isa = PBXFileReference; lastKnownFileType = sourcecode.swift; path = AppDelegate.swift; sourceTree = "<group>"; };
		CB2258332639D2EC0058BE64 /* SceneDelegate.swift */ = {isa = PBXFileReference; lastKnownFileType = sourcecode.swift; path = SceneDelegate.swift; sourceTree = "<group>"; };
		CB2258352639D2EC0058BE64 /* ContentView.swift */ = {isa = PBXFileReference; lastKnownFileType = sourcecode.swift; path = ContentView.swift; sourceTree = "<group>"; };
		CB2258372639D2ED0058BE64 /* Assets.xcassets */ = {isa = PBXFileReference; lastKnownFileType = folder.assetcatalog; path = Assets.xcassets; sourceTree = "<group>"; };
		CB22583D2639D2ED0058BE64 /* Base */ = {isa = PBXFileReference; lastKnownFileType = file.storyboard; name = Base; path = Base.lproj/LaunchScreen.storyboard; sourceTree = "<group>"; };
		CB22583F2639D2ED0058BE64 /* Info.plist */ = {isa = PBXFileReference; lastKnownFileType = text.plist.xml; path = Info.plist; sourceTree = "<group>"; };
		CB2258442639D2ED0058BE64 /* Landmarks-SHOHTests.xctest */ = {isa = PBXFileReference; explicitFileType = wrapper.cfbundle; includeInIndex = 0; path = "Landmarks-SHOHTests.xctest"; sourceTree = BUILT_PRODUCTS_DIR; };
		CB2258482639D2ED0058BE64 /* Landmarks_SHOHTests.swift */ = {isa = PBXFileReference; lastKnownFileType = sourcecode.swift; path = Landmarks_SHOHTests.swift; sourceTree = "<group>"; };
		CB22584A2639D2ED0058BE64 /* Info.plist */ = {isa = PBXFileReference; lastKnownFileType = text.plist.xml; path = Info.plist; sourceTree = "<group>"; };
		CB22584F2639D2ED0058BE64 /* Landmarks-SHOHUITests.xctest */ = {isa = PBXFileReference; explicitFileType = wrapper.cfbundle; includeInIndex = 0; path = "Landmarks-SHOHUITests.xctest"; sourceTree = BUILT_PRODUCTS_DIR; };
		CB2258532639D2ED0058BE64 /* Landmarks_SHOHUITests.swift */ = {isa = PBXFileReference; lastKnownFileType = sourcecode.swift; path = Landmarks_SHOHUITests.swift; sourceTree = "<group>"; };
		CB2258552639D2ED0058BE64 /* Info.plist */ = {isa = PBXFileReference; lastKnownFileType = text.plist.xml; path = Info.plist; sourceTree = "<group>"; };
		CB2258612639DE630058BE64 /* CircleImage.swift */ = {isa = PBXFileReference; lastKnownFileType = sourcecode.swift; path = CircleImage.swift; sourceTree = "<group>"; };
		CB2258632639DF5A0058BE64 /* MapView.swift */ = {isa = PBXFileReference; lastKnownFileType = sourcecode.swift; path = MapView.swift; sourceTree = "<group>"; };
		CB2258662639E51B0058BE64 /* landmarkData.json */ = {isa = PBXFileReference; fileEncoding = 4; lastKnownFileType = text.json; path = landmarkData.json; sourceTree = "<group>"; };
		CB22586C2639E5D40058BE64 /* Landmark.swift */ = {isa = PBXFileReference; lastKnownFileType = sourcecode.swift; path = Landmark.swift; sourceTree = "<group>"; };
		CB22586E2639E6870058BE64 /* Preview Assets.xcassets */ = {isa = PBXFileReference; lastKnownFileType = folder.assetcatalog; path = "Preview Assets.xcassets"; sourceTree = "<group>"; };
		CB2258732639E88F0058BE64 /* ModelData.swift */ = {isa = PBXFileReference; lastKnownFileType = sourcecode.swift; path = ModelData.swift; sourceTree = "<group>"; };
		CB2258752639EB840058BE64 /* LandmarkRow.swift */ = {isa = PBXFileReference; lastKnownFileType = sourcecode.swift; path = LandmarkRow.swift; sourceTree = "<group>"; };
		CB2258772639ED430058BE64 /* LandmarkList.swift */ = {isa = PBXFileReference; lastKnownFileType = sourcecode.swift; path = LandmarkList.swift; sourceTree = "<group>"; };
		CB2258792639EDFB0058BE64 /* LandmarkDetail.swift */ = {isa = PBXFileReference; lastKnownFileType = sourcecode.swift; path = LandmarkDetail.swift; sourceTree = "<group>"; };
		CB22587B2639FC480058BE64 /* FavoriteButton.swift */ = {isa = PBXFileReference; lastKnownFileType = sourcecode.swift; path = FavoriteButton.swift; sourceTree = "<group>"; };
		CB28EF8C263A8571002CCFC7 /* HexagonParameters.swift */ = {isa = PBXFileReference; lastKnownFileType = sourcecode.swift; path = HexagonParameters.swift; sourceTree = "<group>"; };
		CB28EF8E263A881E002CCFC7 /* BadgeBackground.swift */ = {isa = PBXFileReference; lastKnownFileType = sourcecode.swift; path = BadgeBackground.swift; sourceTree = "<group>"; };
		CB28EF92263A8D35002CCFC7 /* BadgeSymbol.swift */ = {isa = PBXFileReference; lastKnownFileType = sourcecode.swift; path = BadgeSymbol.swift; sourceTree = "<group>"; };
		CB28EF94263A90E8002CCFC7 /* RotatedBadgeSymbol.swift */ = {isa = PBXFileReference; lastKnownFileType = sourcecode.swift; path = RotatedBadgeSymbol.swift; sourceTree = "<group>"; };
		CB28EF96263A915E002CCFC7 /* Badge.swift */ = {isa = PBXFileReference; lastKnownFileType = sourcecode.swift; path = Badge.swift; sourceTree = "<group>"; };
/* End PBXFileReference section */

/* Begin PBXFrameworksBuildPhase section */
		CB22582B2639D2EC0058BE64 /* Frameworks */ = {
			isa = PBXFrameworksBuildPhase;
			buildActionMask = 2147483647;
			files = (
			);
			runOnlyForDeploymentPostprocessing = 0;
		};
		CB2258412639D2ED0058BE64 /* Frameworks */ = {
			isa = PBXFrameworksBuildPhase;
			buildActionMask = 2147483647;
			files = (
			);
			runOnlyForDeploymentPostprocessing = 0;
		};
		CB22584C2639D2ED0058BE64 /* Frameworks */ = {
			isa = PBXFrameworksBuildPhase;
			buildActionMask = 2147483647;
			files = (
			);
			runOnlyForDeploymentPostprocessing = 0;
		};
/* End PBXFrameworksBuildPhase section */

/* Begin PBXGroup section */
		CB2258252639D2EC0058BE64 = {
			isa = PBXGroup;
			children = (
				CB2258302639D2EC0058BE64 /* Landmarks-SHOH */,
				CB2258472639D2ED0058BE64 /* Landmarks-SHOHTests */,
				CB2258522639D2ED0058BE64 /* Landmarks-SHOHUITests */,
				CB22582F2639D2EC0058BE64 /* Products */,
			);
			sourceTree = "<group>";
		};
		CB22582F2639D2EC0058BE64 /* Products */ = {
			isa = PBXGroup;
			children = (
				CB22582E2639D2EC0058BE64 /* Landmarks-SHOH.app */,
				CB2258442639D2ED0058BE64 /* Landmarks-SHOHTests.xctest */,
				CB22584F2639D2ED0058BE64 /* Landmarks-SHOHUITests.xctest */,
			);
			name = Products;
			sourceTree = "<group>";
		};
		CB2258302639D2EC0058BE64 /* Landmarks-SHOH */ = {
			isa = PBXGroup;
			children = (
				CB22583F2639D2ED0058BE64 /* Info.plist */,
				CB2258652639E5020058BE64 /* Resources */,
				CB2258682639E5530058BE64 /* Sources */,
			);
			path = "Landmarks-SHOH";
			sourceTree = "<group>";
		};
		CB2258472639D2ED0058BE64 /* Landmarks-SHOHTests */ = {
			isa = PBXGroup;
			children = (
				CB2258482639D2ED0058BE64 /* Landmarks_SHOHTests.swift */,
				CB22584A2639D2ED0058BE64 /* Info.plist */,
			);
			path = "Landmarks-SHOHTests";
			sourceTree = "<group>";
		};
		CB2258522639D2ED0058BE64 /* Landmarks-SHOHUITests */ = {
			isa = PBXGroup;
			children = (
				CB2258532639D2ED0058BE64 /* Landmarks_SHOHUITests.swift */,
				CB2258552639D2ED0058BE64 /* Info.plist */,
			);
			path = "Landmarks-SHOHUITests";
			sourceTree = "<group>";
		};
		CB2258652639E5020058BE64 /* Resources */ = {
			isa = PBXGroup;
			children = (
				CB2258662639E51B0058BE64 /* landmarkData.json */,
				CB2258372639D2ED0058BE64 /* Assets.xcassets */,
				CB22586E2639E6870058BE64 /* Preview Assets.xcassets */,
				CB22583C2639D2ED0058BE64 /* LaunchScreen.storyboard */,
			);
			path = Resources;
			sourceTree = "<group>";
		};
		CB2258682639E5530058BE64 /* Sources */ = {
			isa = PBXGroup;
			children = (
				CB2258692639E55C0058BE64 /* App */,
				CB22586B2639E5C60058BE64 /* Model */,
				CB22586A2639E5680058BE64 /* Views */,
			);
			path = Sources;
			sourceTree = "<group>";
		};
		CB2258692639E55C0058BE64 /* App */ = {
			isa = PBXGroup;
			children = (
				CB2258312639D2EC0058BE64 /* AppDelegate.swift */,
				CB2258332639D2EC0058BE64 /* SceneDelegate.swift */,
			);
			path = App;
			sourceTree = "<group>";
		};
		CB22586A2639E5680058BE64 /* Views */ = {
			isa = PBXGroup;
			children = (
				CB2258352639D2EC0058BE64 /* ContentView.swift */,
				CB28EF98263A9442002CCFC7 /* Badges */,
				CB28EF91263A888A002CCFC7 /* Helpers */,
				CB28EF90263A885B002CCFC7 /* Landmarks */,
			);
			path = Views;
			sourceTree = "<group>";
		};
		CB22586B2639E5C60058BE64 /* Model */ = {
			isa = PBXGroup;
			children = (
				CB22586C2639E5D40058BE64 /* Landmark.swift */,
				CB2258732639E88F0058BE64 /* ModelData.swift */,
			);
			path = Model;
			sourceTree = "<group>";
		};
		CB28EF90263A885B002CCFC7 /* Landmarks */ = {
			isa = PBXGroup;
			children = (
				CB2258792639EDFB0058BE64 /* LandmarkDetail.swift */,
				CB2258772639ED430058BE64 /* LandmarkList.swift */,
				CB2258752639EB840058BE64 /* LandmarkRow.swift */,
			);
			path = Landmarks;
			sourceTree = "<group>";
		};
		CB28EF91263A888A002CCFC7 /* Helpers */ = {
			isa = PBXGroup;
			children = (
				CB2258612639DE630058BE64 /* CircleImage.swift */,
				CB22587B2639FC480058BE64 /* FavoriteButton.swift */,
				CB2258632639DF5A0058BE64 /* MapView.swift */,
			);
			path = Helpers;
			sourceTree = "<group>";
		};
		CB28EF98263A9442002CCFC7 /* Badges */ = {
			isa = PBXGroup;
			children = (
				CB28EF96263A915E002CCFC7 /* Badge.swift */,
				CB28EF8E263A881E002CCFC7 /* BadgeBackground.swift */,
				CB28EF92263A8D35002CCFC7 /* BadgeSymbol.swift */,
				CB28EF8C263A8571002CCFC7 /* HexagonParameters.swift */,
				CB28EF94263A90E8002CCFC7 /* RotatedBadgeSymbol.swift */,
			);
			path = Badges;
			sourceTree = "<group>";
		};
/* End PBXGroup section */

/* Begin PBXNativeTarget section */
		CB22582D2639D2EC0058BE64 /* Landmarks-SHOH */ = {
			isa = PBXNativeTarget;
			buildConfigurationList = CB2258582639D2ED0058BE64 /* Build configuration list for PBXNativeTarget "Landmarks-SHOH" */;
			buildPhases = (
				CB22582A2639D2EC0058BE64 /* Sources */,
				CB22582B2639D2EC0058BE64 /* Frameworks */,
				CB22582C2639D2EC0058BE64 /* Resources */,
			);
			buildRules = (
			);
			dependencies = (
			);
			name = "Landmarks-SHOH";
			productName = "Landmarks-SHOH";
			productReference = CB22582E2639D2EC0058BE64 /* Landmarks-SHOH.app */;
			productType = "com.apple.product-type.application";
		};
		CB2258432639D2ED0058BE64 /* Landmarks-SHOHTests */ = {
			isa = PBXNativeTarget;
			buildConfigurationList = CB22585B2639D2ED0058BE64 /* Build configuration list for PBXNativeTarget "Landmarks-SHOHTests" */;
			buildPhases = (
				CB2258402639D2ED0058BE64 /* Sources */,
				CB2258412639D2ED0058BE64 /* Frameworks */,
				CB2258422639D2ED0058BE64 /* Resources */,
			);
			buildRules = (
			);
			dependencies = (
				CB2258462639D2ED0058BE64 /* PBXTargetDependency */,
			);
			name = "Landmarks-SHOHTests";
			productName = "Landmarks-SHOHTests";
			productReference = CB2258442639D2ED0058BE64 /* Landmarks-SHOHTests.xctest */;
			productType = "com.apple.product-type.bundle.unit-test";
		};
		CB22584E2639D2ED0058BE64 /* Landmarks-SHOHUITests */ = {
			isa = PBXNativeTarget;
			buildConfigurationList = CB22585E2639D2ED0058BE64 /* Build configuration list for PBXNativeTarget "Landmarks-SHOHUITests" */;
			buildPhases = (
				CB22584B2639D2ED0058BE64 /* Sources */,
				CB22584C2639D2ED0058BE64 /* Frameworks */,
				CB22584D2639D2ED0058BE64 /* Resources */,
			);
			buildRules = (
			);
			dependencies = (
				CB2258512639D2ED0058BE64 /* PBXTargetDependency */,
			);
			name = "Landmarks-SHOHUITests";
			productName = "Landmarks-SHOHUITests";
			productReference = CB22584F2639D2ED0058BE64 /* Landmarks-SHOHUITests.xctest */;
			productType = "com.apple.product-type.bundle.ui-testing";
		};
/* End PBXNativeTarget section */

/* Begin PBXProject section */
		CB2258262639D2EC0058BE64 /* Project object */ = {
			isa = PBXProject;
			attributes = {
				LastSwiftUpdateCheck = 1250;
				LastUpgradeCheck = 1250;
				TargetAttributes = {
					CB22582D2639D2EC0058BE64 = {
						CreatedOnToolsVersion = 12.5;
					};
					CB2258432639D2ED0058BE64 = {
						CreatedOnToolsVersion = 12.5;
						TestTargetID = CB22582D2639D2EC0058BE64;
					};
					CB22584E2639D2ED0058BE64 = {
						CreatedOnToolsVersion = 12.5;
						TestTargetID = CB22582D2639D2EC0058BE64;
					};
				};
			};
			buildConfigurationList = CB2258292639D2EC0058BE64 /* Build configuration list for PBXProject "Landmarks-SHOH" */;
			compatibilityVersion = "Xcode 9.3";
			developmentRegion = en;
			hasScannedForEncodings = 0;
			knownRegions = (
				en,
				Base,
			);
			mainGroup = CB2258252639D2EC0058BE64;
			productRefGroup = CB22582F2639D2EC0058BE64 /* Products */;
			projectDirPath = "";
			projectRoot = "";
			targets = (
				CB22582D2639D2EC0058BE64 /* Landmarks-SHOH */,
				CB2258432639D2ED0058BE64 /* Landmarks-SHOHTests */,
				CB22584E2639D2ED0058BE64 /* Landmarks-SHOHUITests */,
			);
		};
/* End PBXProject section */

/* Begin PBXResourcesBuildPhase section */
		CB22582C2639D2EC0058BE64 /* Resources */ = {
			isa = PBXResourcesBuildPhase;
			buildActionMask = 2147483647;
			files = (
				CB22586F2639E6870058BE64 /* Preview Assets.xcassets in Resources */,
				CB22583E2639D2ED0058BE64 /* LaunchScreen.storyboard in Resources */,
				CB2258672639E51B0058BE64 /* landmarkData.json in Resources */,
				CB2258382639D2ED0058BE64 /* Assets.xcassets in Resources */,
			);
			runOnlyForDeploymentPostprocessing = 0;
		};
		CB2258422639D2ED0058BE64 /* Resources */ = {
			isa = PBXResourcesBuildPhase;
			buildActionMask = 2147483647;
			files = (
			);
			runOnlyForDeploymentPostprocessing = 0;
		};
		CB22584D2639D2ED0058BE64 /* Resources */ = {
			isa = PBXResourcesBuildPhase;
			buildActionMask = 2147483647;
			files = (
			);
			runOnlyForDeploymentPostprocessing = 0;
		};
/* End PBXResourcesBuildPhase section */

/* Begin PBXSourcesBuildPhase section */
		CB22582A2639D2EC0058BE64 /* Sources */ = {
			isa = PBXSourcesBuildPhase;
			buildActionMask = 2147483647;
			files = (
				CB28EF8D263A8571002CCFC7 /* HexagonParameters.swift in Sources */,
				CB2258322639D2EC0058BE64 /* AppDelegate.swift in Sources */,
				CB2258622639DE630058BE64 /* CircleImage.swift in Sources */,
				CB2258642639DF5A0058BE64 /* MapView.swift in Sources */,
				CB2258342639D2EC0058BE64 /* SceneDelegate.swift in Sources */,
				CB2258782639ED430058BE64 /* LandmarkList.swift in Sources */,
				CB2258362639D2EC0058BE64 /* ContentView.swift in Sources */,
				CB28EF93263A8D35002CCFC7 /* BadgeSymbol.swift in Sources */,
				CB28EF95263A90E8002CCFC7 /* RotatedBadgeSymbol.swift in Sources */,
				CB28EF97263A915E002CCFC7 /* Badge.swift in Sources */,
				CB22586D2639E5D40058BE64 /* Landmark.swift in Sources */,
				CB28EF8F263A881E002CCFC7 /* BadgeBackground.swift in Sources */,
				CB2258762639EB840058BE64 /* LandmarkRow.swift in Sources */,
				CB22587A2639EDFB0058BE64 /* LandmarkDetail.swift in Sources */,
				CB22587C2639FC480058BE64 /* FavoriteButton.swift in Sources */,
				CB2258742639E88F0058BE64 /* ModelData.swift in Sources */,
			);
			runOnlyForDeploymentPostprocessing = 0;
		};
		CB2258402639D2ED0058BE64 /* Sources */ = {
			isa = PBXSourcesBuildPhase;
			buildActionMask = 2147483647;
			files = (
				CB2258492639D2ED0058BE64 /* Landmarks_SHOHTests.swift in Sources */,
			);
			runOnlyForDeploymentPostprocessing = 0;
		};
		CB22584B2639D2ED0058BE64 /* Sources */ = {
			isa = PBXSourcesBuildPhase;
			buildActionMask = 2147483647;
			files = (
				CB2258542639D2ED0058BE64 /* Landmarks_SHOHUITests.swift in Sources */,
			);
			runOnlyForDeploymentPostprocessing = 0;
		};
/* End PBXSourcesBuildPhase section */

/* Begin PBXTargetDependency section */
		CB2258462639D2ED0058BE64 /* PBXTargetDependency */ = {
			isa = PBXTargetDependency;
			target = CB22582D2639D2EC0058BE64 /* Landmarks-SHOH */;
			targetProxy = CB2258452639D2ED0058BE64 /* PBXContainerItemProxy */;
		};
		CB2258512639D2ED0058BE64 /* PBXTargetDependency */ = {
			isa = PBXTargetDependency;
			target = CB22582D2639D2EC0058BE64 /* Landmarks-SHOH */;
			targetProxy = CB2258502639D2ED0058BE64 /* PBXContainerItemProxy */;
		};
/* End PBXTargetDependency section */

/* Begin PBXVariantGroup section */
		CB22583C2639D2ED0058BE64 /* LaunchScreen.storyboard */ = {
			isa = PBXVariantGroup;
			children = (
				CB22583D2639D2ED0058BE64 /* Base */,
			);
			name = LaunchScreen.storyboard;
			sourceTree = "<group>";
		};
/* End PBXVariantGroup section */

/* Begin XCBuildConfiguration section */
		CB2258562639D2ED0058BE64 /* Debug */ = {
			isa = XCBuildConfiguration;
			buildSettings = {
				ALWAYS_SEARCH_USER_PATHS = NO;
				CLANG_ANALYZER_NONNULL = YES;
				CLANG_ANALYZER_NUMBER_OBJECT_CONVERSION = YES_AGGRESSIVE;
				CLANG_CXX_LANGUAGE_STANDARD = "gnu++14";
				CLANG_CXX_LIBRARY = "libc++";
				CLANG_ENABLE_MODULES = YES;
				CLANG_ENABLE_OBJC_ARC = YES;
				CLANG_ENABLE_OBJC_WEAK = YES;
				CLANG_WARN_BLOCK_CAPTURE_AUTORELEASING = YES;
				CLANG_WARN_BOOL_CONVERSION = YES;
				CLANG_WARN_COMMA = YES;
				CLANG_WARN_CONSTANT_CONVERSION = YES;
				CLANG_WARN_DEPRECATED_OBJC_IMPLEMENTATIONS = YES;
				CLANG_WARN_DIRECT_OBJC_ISA_USAGE = YES_ERROR;
				CLANG_WARN_DOCUMENTATION_COMMENTS = YES;
				CLANG_WARN_EMPTY_BODY = YES;
				CLANG_WARN_ENUM_CONVERSION = YES;
				CLANG_WARN_INFINITE_RECURSION = YES;
				CLANG_WARN_INT_CONVERSION = YES;
				CLANG_WARN_NON_LITERAL_NULL_CONVERSION = YES;
				CLANG_WARN_OBJC_IMPLICIT_RETAIN_SELF = YES;
				CLANG_WARN_OBJC_LITERAL_CONVERSION = YES;
				CLANG_WARN_OBJC_ROOT_CLASS = YES_ERROR;
				CLANG_WARN_QUOTED_INCLUDE_IN_FRAMEWORK_HEADER = YES;
				CLANG_WARN_RANGE_LOOP_ANALYSIS = YES;
				CLANG_WARN_STRICT_PROTOTYPES = YES;
				CLANG_WARN_SUSPICIOUS_MOVE = YES;
				CLANG_WARN_UNGUARDED_AVAILABILITY = YES_AGGRESSIVE;
				CLANG_WARN_UNREACHABLE_CODE = YES;
				CLANG_WARN__DUPLICATE_METHOD_MATCH = YES;
				COPY_PHASE_STRIP = NO;
				DEBUG_INFORMATION_FORMAT = dwarf;
				ENABLE_STRICT_OBJC_MSGSEND = YES;
				ENABLE_TESTABILITY = YES;
				GCC_C_LANGUAGE_STANDARD = gnu11;
				GCC_DYNAMIC_NO_PIC = NO;
				GCC_NO_COMMON_BLOCKS = YES;
				GCC_OPTIMIZATION_LEVEL = 0;
				GCC_PREPROCESSOR_DEFINITIONS = (
					"DEBUG=1",
					"$(inherited)",
				);
				GCC_WARN_64_TO_32_BIT_CONVERSION = YES;
				GCC_WARN_ABOUT_RETURN_TYPE = YES_ERROR;
				GCC_WARN_UNDECLARED_SELECTOR = YES;
				GCC_WARN_UNINITIALIZED_AUTOS = YES_AGGRESSIVE;
				GCC_WARN_UNUSED_FUNCTION = YES;
				GCC_WARN_UNUSED_VARIABLE = YES;
				IPHONEOS_DEPLOYMENT_TARGET = 14.5;
				MTL_ENABLE_DEBUG_INFO = INCLUDE_SOURCE;
				MTL_FAST_MATH = YES;
				ONLY_ACTIVE_ARCH = YES;
				SDKROOT = iphoneos;
				SWIFT_ACTIVE_COMPILATION_CONDITIONS = DEBUG;
				SWIFT_OPTIMIZATION_LEVEL = "-Onone";
			};
			name = Debug;
		};
		CB2258572639D2ED0058BE64 /* Release */ = {
			isa = XCBuildConfiguration;
			buildSettings = {
				ALWAYS_SEARCH_USER_PATHS = NO;
				CLANG_ANALYZER_NONNULL = YES;
				CLANG_ANALYZER_NUMBER_OBJECT_CONVERSION = YES_AGGRESSIVE;
				CLANG_CXX_LANGUAGE_STANDARD = "gnu++14";
				CLANG_CXX_LIBRARY = "libc++";
				CLANG_ENABLE_MODULES = YES;
				CLANG_ENABLE_OBJC_ARC = YES;
				CLANG_ENABLE_OBJC_WEAK = YES;
				CLANG_WARN_BLOCK_CAPTURE_AUTORELEASING = YES;
				CLANG_WARN_BOOL_CONVERSION = YES;
				CLANG_WARN_COMMA = YES;
				CLANG_WARN_CONSTANT_CONVERSION = YES;
				CLANG_WARN_DEPRECATED_OBJC_IMPLEMENTATIONS = YES;
				CLANG_WARN_DIRECT_OBJC_ISA_USAGE = YES_ERROR;
				CLANG_WARN_DOCUMENTATION_COMMENTS = YES;
				CLANG_WARN_EMPTY_BODY = YES;
				CLANG_WARN_ENUM_CONVERSION = YES;
				CLANG_WARN_INFINITE_RECURSION = YES;
				CLANG_WARN_INT_CONVERSION = YES;
				CLANG_WARN_NON_LITERAL_NULL_CONVERSION = YES;
				CLANG_WARN_OBJC_IMPLICIT_RETAIN_SELF = YES;
				CLANG_WARN_OBJC_LITERAL_CONVERSION = YES;
				CLANG_WARN_OBJC_ROOT_CLASS = YES_ERROR;
				CLANG_WARN_QUOTED_INCLUDE_IN_FRAMEWORK_HEADER = YES;
				CLANG_WARN_RANGE_LOOP_ANALYSIS = YES;
				CLANG_WARN_STRICT_PROTOTYPES = YES;
				CLANG_WARN_SUSPICIOUS_MOVE = YES;
				CLANG_WARN_UNGUARDED_AVAILABILITY = YES_AGGRESSIVE;
				CLANG_WARN_UNREACHABLE_CODE = YES;
				CLANG_WARN__DUPLICATE_METHOD_MATCH = YES;
				COPY_PHASE_STRIP = NO;
				DEBUG_INFORMATION_FORMAT = "dwarf-with-dsym";
				ENABLE_NS_ASSERTIONS = NO;
				ENABLE_STRICT_OBJC_MSGSEND = YES;
				GCC_C_LANGUAGE_STANDARD = gnu11;
				GCC_NO_COMMON_BLOCKS = YES;
				GCC_WARN_64_TO_32_BIT_CONVERSION = YES;
				GCC_WARN_ABOUT_RETURN_TYPE = YES_ERROR;
				GCC_WARN_UNDECLARED_SELECTOR = YES;
				GCC_WARN_UNINITIALIZED_AUTOS = YES_AGGRESSIVE;
				GCC_WARN_UNUSED_FUNCTION = YES;
				GCC_WARN_UNUSED_VARIABLE = YES;
				IPHONEOS_DEPLOYMENT_TARGET = 14.5;
				MTL_ENABLE_DEBUG_INFO = NO;
				MTL_FAST_MATH = YES;
				SDKROOT = iphoneos;
				SWIFT_COMPILATION_MODE = wholemodule;
				SWIFT_OPTIMIZATION_LEVEL = "-O";
				VALIDATE_PRODUCT = YES;
			};
			name = Release;
		};
		CB2258592639D2ED0058BE64 /* Debug */ = {
			isa = XCBuildConfiguration;
			buildSettings = {
				ASSETCATALOG_COMPILER_APPICON_NAME = AppIcon;
				ASSETCATALOG_COMPILER_GLOBAL_ACCENT_COLOR_NAME = AccentColor;
				CODE_SIGN_STYLE = Automatic;
				DEVELOPMENT_ASSET_PATHS = "\"Landmarks-SHOH/Resources\"";
				DEVELOPMENT_TEAM = 7Q8VF9RM3U;
				ENABLE_PREVIEWS = YES;
				INFOPLIST_FILE = "Landmarks-SHOH/Info.plist";
				LD_RUNPATH_SEARCH_PATHS = (
					"$(inherited)",
					"@executable_path/Frameworks",
				);
				PRODUCT_BUNDLE_IDENTIFIER = "SH-OH.Landmarks-SHOH";
				PRODUCT_NAME = "$(TARGET_NAME)";
				SWIFT_VERSION = 5.0;
				TARGETED_DEVICE_FAMILY = "1,2";
			};
			name = Debug;
		};
		CB22585A2639D2ED0058BE64 /* Release */ = {
			isa = XCBuildConfiguration;
			buildSettings = {
				ASSETCATALOG_COMPILER_APPICON_NAME = AppIcon;
				ASSETCATALOG_COMPILER_GLOBAL_ACCENT_COLOR_NAME = AccentColor;
				CODE_SIGN_STYLE = Automatic;
				DEVELOPMENT_ASSET_PATHS = "\"Landmarks-SHOH/Resources\"";
				DEVELOPMENT_TEAM = 7Q8VF9RM3U;
				ENABLE_PREVIEWS = YES;
				INFOPLIST_FILE = "Landmarks-SHOH/Info.plist";
				LD_RUNPATH_SEARCH_PATHS = (
					"$(inherited)",
					"@executable_path/Frameworks",
				);
				PRODUCT_BUNDLE_IDENTIFIER = "SH-OH.Landmarks-SHOH";
				PRODUCT_NAME = "$(TARGET_NAME)";
				SWIFT_VERSION = 5.0;
				TARGETED_DEVICE_FAMILY = "1,2";
			};
			name = Release;
		};
		CB22585C2639D2ED0058BE64 /* Debug */ = {
			isa = XCBuildConfiguration;
			buildSettings = {
				ALWAYS_EMBED_SWIFT_STANDARD_LIBRARIES = YES;
				BUNDLE_LOADER = "$(TEST_HOST)";
				CODE_SIGN_STYLE = Automatic;
				DEVELOPMENT_TEAM = 7Q8VF9RM3U;
				INFOPLIST_FILE = "Landmarks-SHOHTests/Info.plist";
				IPHONEOS_DEPLOYMENT_TARGET = 14.5;
				LD_RUNPATH_SEARCH_PATHS = (
					"$(inherited)",
					"@executable_path/Frameworks",
					"@loader_path/Frameworks",
				);
				PRODUCT_BUNDLE_IDENTIFIER = "SH-OH.Landmarks-SHOHTests";
				PRODUCT_NAME = "$(TARGET_NAME)";
				SWIFT_VERSION = 5.0;
				TARGETED_DEVICE_FAMILY = "1,2";
				TEST_HOST = "$(BUILT_PRODUCTS_DIR)/Landmarks-SHOH.app/Landmarks-SHOH";
			};
			name = Debug;
		};
		CB22585D2639D2ED0058BE64 /* Release */ = {
			isa = XCBuildConfiguration;
			buildSettings = {
				ALWAYS_EMBED_SWIFT_STANDARD_LIBRARIES = YES;
				BUNDLE_LOADER = "$(TEST_HOST)";
				CODE_SIGN_STYLE = Automatic;
				DEVELOPMENT_TEAM = 7Q8VF9RM3U;
				INFOPLIST_FILE = "Landmarks-SHOHTests/Info.plist";
				IPHONEOS_DEPLOYMENT_TARGET = 14.5;
				LD_RUNPATH_SEARCH_PATHS = (
					"$(inherited)",
					"@executable_path/Frameworks",
					"@loader_path/Frameworks",
				);
				PRODUCT_BUNDLE_IDENTIFIER = "SH-OH.Landmarks-SHOHTests";
				PRODUCT_NAME = "$(TARGET_NAME)";
				SWIFT_VERSION = 5.0;
				TARGETED_DEVICE_FAMILY = "1,2";
				TEST_HOST = "$(BUILT_PRODUCTS_DIR)/Landmarks-SHOH.app/Landmarks-SHOH";
			};
			name = Release;
		};
		CB22585F2639D2ED0058BE64 /* Debug */ = {
			isa = XCBuildConfiguration;
			buildSettings = {
				ALWAYS_EMBED_SWIFT_STANDARD_LIBRARIES = YES;
				CODE_SIGN_STYLE = Automatic;
				DEVELOPMENT_TEAM = 7Q8VF9RM3U;
				INFOPLIST_FILE = "Landmarks-SHOHUITests/Info.plist";
				LD_RUNPATH_SEARCH_PATHS = (
					"$(inherited)",
					"@executable_path/Frameworks",
					"@loader_path/Frameworks",
				);
				PRODUCT_BUNDLE_IDENTIFIER = "SH-OH.Landmarks-SHOHUITests";
				PRODUCT_NAME = "$(TARGET_NAME)";
				SWIFT_VERSION = 5.0;
				TARGETED_DEVICE_FAMILY = "1,2";
				TEST_TARGET_NAME = "Landmarks-SHOH";
			};
			name = Debug;
		};
		CB2258602639D2ED0058BE64 /* Release */ = {
			isa = XCBuildConfiguration;
			buildSettings = {
				ALWAYS_EMBED_SWIFT_STANDARD_LIBRARIES = YES;
				CODE_SIGN_STYLE = Automatic;
				DEVELOPMENT_TEAM = 7Q8VF9RM3U;
				INFOPLIST_FILE = "Landmarks-SHOHUITests/Info.plist";
				LD_RUNPATH_SEARCH_PATHS = (
					"$(inherited)",
					"@executable_path/Frameworks",
					"@loader_path/Frameworks",
				);
				PRODUCT_BUNDLE_IDENTIFIER = "SH-OH.Landmarks-SHOHUITests";
				PRODUCT_NAME = "$(TARGET_NAME)";
				SWIFT_VERSION = 5.0;
				TARGETED_DEVICE_FAMILY = "1,2";
				TEST_TARGET_NAME = "Landmarks-SHOH";
			};
			name = Release;
		};
/* End XCBuildConfiguration section */

/* Begin XCConfigurationList section */
		CB2258292639D2EC0058BE64 /* Build configuration list for PBXProject "Landmarks-SHOH" */ = {
			isa = XCConfigurationList;
			buildConfigurations = (
				CB2258562639D2ED0058BE64 /* Debug */,
				CB2258572639D2ED0058BE64 /* Release */,
			);
			defaultConfigurationIsVisible = 0;
			defaultConfigurationName = Release;
		};
		CB2258582639D2ED0058BE64 /* Build configuration list for PBXNativeTarget "Landmarks-SHOH" */ = {
			isa = XCConfigurationList;
			buildConfigurations = (
				CB2258592639D2ED0058BE64 /* Debug */,
				CB22585A2639D2ED0058BE64 /* Release */,
			);
			defaultConfigurationIsVisible = 0;
			defaultConfigurationName = Release;
		};
		CB22585B2639D2ED0058BE64 /* Build configuration list for PBXNativeTarget "Landmarks-SHOHTests" */ = {
			isa = XCConfigurationList;
			buildConfigurations = (
				CB22585C2639D2ED0058BE64 /* Debug */,
				CB22585D2639D2ED0058BE64 /* Release */,
			);
			defaultConfigurationIsVisible = 0;
			defaultConfigurationName = Release;
		};
		CB22585E2639D2ED0058BE64 /* Build configuration list for PBXNativeTarget "Landmarks-SHOHUITests" */ = {
			isa = XCConfigurationList;
			buildConfigurations = (
				CB22585F2639D2ED0058BE64 /* Debug */,
				CB2258602639D2ED0058BE64 /* Release */,
			);
			defaultConfigurationIsVisible = 0;
			defaultConfigurationName = Release;
		};
/* End XCConfigurationList section */
	};
	rootObject = CB2258262639D2EC0058BE64 /* Project object */;
}
